// !$*UTF8*$!
{
	archiveVersion = 1;
	classes = {
	};
	objectVersion = 46;
	objects = {

/* Begin PBXBuildFile section */
		F1AA9E5D1ED6DB3B00B9A74A /* Constants.swift in Sources */ = {isa = PBXBuildFile; fileRef = F1AA9E5C1ED6DB3B00B9A74A /* Constants.swift */; };
		F1AA9E5F1ED6E01100B9A74A /* GCDBlackBox.swift in Sources */ = {isa = PBXBuildFile; fileRef = F1AA9E5E1ED6E01100B9A74A /* GCDBlackBox.swift */; };
		F1CB94381ED5ADC300327AA7 /* AppDelegate.swift in Sources */ = {isa = PBXBuildFile; fileRef = F1CB94371ED5ADC300327AA7 /* AppDelegate.swift */; };
		F1CB943A1ED5ADC300327AA7 /* ViewController.swift in Sources */ = {isa = PBXBuildFile; fileRef = F1CB94391ED5ADC300327AA7 /* ViewController.swift */; };
		F1CB943D1ED5ADC300327AA7 /* Main.storyboard in Resources */ = {isa = PBXBuildFile; fileRef = F1CB943B1ED5ADC300327AA7 /* Main.storyboard */; };
		F1CB943F1ED5ADC300327AA7 /* Assets.xcassets in Resources */ = {isa = PBXBuildFile; fileRef = F1CB943E1ED5ADC300327AA7 /* Assets.xcassets */; };
		F1CB94421ED5ADC300327AA7 /* LaunchScreen.storyboard in Resources */ = {isa = PBXBuildFile; fileRef = F1CB94401ED5ADC300327AA7 /* LaunchScreen.storyboard */; };
/* End PBXBuildFile section */

/* Begin PBXFileReference section */
		F1AA9E5C1ED6DB3B00B9A74A /* Constants.swift */ = {isa = PBXFileReference; fileEncoding = 4; lastKnownFileType = sourcecode.swift; path = Constants.swift; sourceTree = "<group>"; };
		F1AA9E5E1ED6E01100B9A74A /* GCDBlackBox.swift */ = {isa = PBXFileReference; fileEncoding = 4; lastKnownFileType = sourcecode.swift; path = GCDBlackBox.swift; sourceTree = "<group>"; };
		F1CB94341ED5ADC300327AA7 /* FlickrFind.app */ = {isa = PBXFileReference; explicitFileType = wrapper.application; includeInIndex = 0; path = FlickrFind.app; sourceTree = BUILT_PRODUCTS_DIR; };
		F1CB94371ED5ADC300327AA7 /* AppDelegate.swift */ = {isa = PBXFileReference; lastKnownFileType = sourcecode.swift; path = AppDelegate.swift; sourceTree = "<group>"; };
		F1CB94391ED5ADC300327AA7 /* ViewController.swift */ = {isa = PBXFileReference; lastKnownFileType = sourcecode.swift; path = ViewController.swift; sourceTree = "<group>"; };
		F1CB943C1ED5ADC300327AA7 /* Base */ = {isa = PBXFileReference; lastKnownFileType = file.storyboard; name = Base; path = Base.lproj/Main.storyboard; sourceTree = "<group>"; };
		F1CB943E1ED5ADC300327AA7 /* Assets.xcassets */ = {isa = PBXFileReference; lastKnownFileType = folder.assetcatalog; path = Assets.xcassets; sourceTree = "<group>"; };
		F1CB94411ED5ADC300327AA7 /* Base */ = {isa = PBXFileReference; lastKnownFileType = file.storyboard; name = Base; path = Base.lproj/LaunchScreen.storyboard; sourceTree = "<group>"; };
		F1CB94431ED5ADC300327AA7 /* Info.plist */ = {isa = PBXFileReference; lastKnownFileType = text.plist.xml; path = Info.plist; sourceTree = "<group>"; };
/* End PBXFileReference section */

/* Begin PBXFrameworksBuildPhase section */
		F1CB94311ED5ADC300327AA7 /* Frameworks */ = {
			isa = PBXFrameworksBuildPhase;
			buildActionMask = 2147483647;
			files = (
			);
			runOnlyForDeploymentPostprocessing = 0;
		};
/* End PBXFrameworksBuildPhase section */

/* Begin PBXGroup section */
		F1CB942B1ED5ADC200327AA7 = {
			isa = PBXGroup;
			children = (
				F1CB94361ED5ADC300327AA7 /* FlickrFind */,
				F1CB94351ED5ADC300327AA7 /* Products */,
			);
			sourceTree = "<group>";
		};
		F1CB94351ED5ADC300327AA7 /* Products */ = {
			isa = PBXGroup;
			children = (
				F1CB94341ED5ADC300327AA7 /* FlickrFind.app */,
			);
			name = Products;
			sourceTree = "<group>";
		};
		F1CB94361ED5ADC300327AA7 /* FlickrFind */ = {
			isa = PBXGroup;
			children = (
				F1CB94371ED5ADC300327AA7 /* AppDelegate.swift */,
				F1CB94391ED5ADC300327AA7 /* ViewController.swift */,
				F1AA9E5E1ED6E01100B9A74A /* GCDBlackBox.swift */,
				F1AA9E5C1ED6DB3B00B9A74A /* Constants.swift */,
				F1CB943B1ED5ADC300327AA7 /* Main.storyboard */,
				F1CB943E1ED5ADC300327AA7 /* Assets.xcassets */,
				F1CB94401ED5ADC300327AA7 /* LaunchScreen.storyboard */,
				F1CB94431ED5ADC300327AA7 /* Info.plist */,
			);
			path = FlickrFind;
			sourceTree = "<group>";
		};
/* End PBXGroup section */

/* Begin PBXNativeTarget section */
		F1CB94331ED5ADC300327AA7 /* FlickrFind */ = {
			isa = PBXNativeTarget;
			buildConfigurationList = F1CB94461ED5ADC300327AA7 /* Build configuration list for PBXNativeTarget "FlickrFind" */;
			buildPhases = (
				F1CB94301ED5ADC300327AA7 /* Sources */,
				F1CB94311ED5ADC300327AA7 /* Frameworks */,
				F1CB94321ED5ADC300327AA7 /* Resources */,
			);
			buildRules = (
			);
			dependencies = (
			);
			name = FlickrFind;
			productName = FlickrFind;
			productReference = F1CB94341ED5ADC300327AA7 /* FlickrFind.app */;
			productType = "com.apple.product-type.application";
		};
/* End PBXNativeTarget section */

/* Begin PBXProject section */
		F1CB942C1ED5ADC200327AA7 /* Project object */ = {
			isa = PBXProject;
			attributes = {
				LastSwiftUpdateCheck = 0820;
				LastUpgradeCheck = 0820;
				ORGANIZATIONNAME = Bhavin;
				TargetAttributes = {
					F1CB94331ED5ADC300327AA7 = {
						CreatedOnToolsVersion = 8.2.1;
						DevelopmentTeam = V2XCNE93DB;
						ProvisioningStyle = Automatic;
					};
				};
			};
			buildConfigurationList = F1CB942F1ED5ADC200327AA7 /* Build configuration list for PBXProject "FlickrFind" */;
			compatibilityVersion = "Xcode 3.2";
			developmentRegion = English;
			hasScannedForEncodings = 0;
			knownRegions = (
				en,
				Base,
			);
			mainGroup = F1CB942B1ED5ADC200327AA7;
			productRefGroup = F1CB94351ED5ADC300327AA7 /* Products */;
			projectDirPath = "";
			projectRoot = "";
			targets = (
				F1CB94331ED5ADC300327AA7 /* FlickrFind */,
			);
		};
/* End PBXProject section */

/* Begin PBXResourcesBuildPhase section */
		F1CB94321ED5ADC300327AA7 /* Resources */ = {
			isa = PBXResourcesBuildPhase;
			buildActionMask = 2147483647;
			files = (
				F1CB94421ED5ADC300327AA7 /* LaunchScreen.storyboard in Resources */,
				F1CB943F1ED5ADC300327AA7 /* Assets.xcassets in Resources */,
				F1CB943D1ED5ADC300327AA7 /* Main.storyboard in Resources */,
			);
			runOnlyForDeploymentPostprocessing = 0;
		};
/* End PBXResourcesBuildPhase section */

/* Begin PBXSourcesBuildPhase section */
		F1CB94301ED5ADC300327AA7 /* Sources */ = {
			isa = PBXSourcesBuildPhase;
			buildActionMask = 2147483647;
			files = (
				F1AA9E5F1ED6E01100B9A74A /* GCDBlackBox.swift in Sources */,
				F1CB943A1ED5ADC300327AA7 /* ViewController.swift in Sources */,
				F1CB94381ED5ADC300327AA7 /* AppDelegate.swift in Sources */,
				F1AA9E5D1ED6DB3B00B9A74A /* Constants.swift in Sources */,
			);
			runOnlyForDeploymentPostprocessing = 0;
		};
/* End PBXSourcesBuildPhase section */

/* Begin PBXVariantGroup section */
		F1CB943B1ED5ADC300327AA7 /* Main.storyboard */ = {
			isa = PBXVariantGroup;
			children = (
				F1CB943C1ED5ADC300327AA7 /* Base */,
			);
			name = Main.storyboard;
			sourceTree = "<group>";
		};
		F1CB94401ED5ADC300327AA7 /* LaunchScreen.storyboard */ = {
			isa = PBXVariantGroup;
			children = (
				F1CB94411ED5ADC300327AA7 /* Base */,
			);
			name = LaunchScreen.storyboard;
			sourceTree = "<group>";
		};
/* End PBXVariantGroup section */

/* Begin XCBuildConfiguration section */
		F1CB94441ED5ADC300327AA7 /* Debug */ = {
			isa = XCBuildConfiguration;
			buildSettings = {
				ALWAYS_SEARCH_USER_PATHS = NO;
				CLANG_ANALYZER_NONNULL = YES;
				CLANG_CXX_LANGUAGE_STANDARD = "gnu++0x";
				CLANG_CXX_LIBRARY = "libc++";
				CLANG_ENABLE_MODULES = YES;
				CLANG_ENABLE_OBJC_ARC = YES;
				CLANG_WARN_BOOL_CONVERSION = YES;
				CLANG_WARN_CONSTANT_CONVERSION = YES;
				CLANG_WARN_DIRECT_OBJC_ISA_USAGE = YES_ERROR;
				CLANG_WARN_DOCUMENTATION_COMMENTS = YES;
				CLANG_WARN_EMPTY_BODY = YES;
				CLANG_WARN_ENUM_CONVERSION = YES;
				CLANG_WARN_INFINITE_RECURSION = YES;
				CLANG_WARN_INT_CONVERSION = YES;
				CLANG_WARN_OBJC_ROOT_CLASS = YES_ERROR;
				CLANG_WARN_SUSPICIOUS_MOVE = YES;
				CLANG_WARN_UNREACHABLE_CODE = YES;
				CLANG_WARN__DUPLICATE_METHOD_MATCH = YES;
				"CODE_SIGN_IDENTITY[sdk=iphoneos*]" = "iPhone Developer";
				COPY_PHASE_STRIP = NO;
				DEBUG_INFORMATION_FORMAT = dwarf;
				ENABLE_STRICT_OBJC_MSGSEND = YES;
				ENABLE_TESTABILITY = YES;
				GCC_C_LANGUAGE_STANDARD = gnu99;
				GCC_DYNAMIC_NO_PIC = NO;
				GCC_NO_COMMON_BLOCKS = YES;
				GCC_OPTIMIZATION_LEVEL = 0;
				GCC_PREPROCESSOR_DEFINITIONS = (
					"DEBUG=1",
					"$(inherited)",
				);
				GCC_WARN_64_TO_32_BIT_CONVERSION = YES;
				GCC_WARN_ABOUT_RETURN_TYPE = YES_ERROR;
				GCC_WARN_UNDECLARED_SELECTOR = YES;
				GCC_WARN_UNINITIALIZED_AUTOS = YES_AGGRESSIVE;
				GCC_WARN_UNUSED_FUNCTION = YES;
				GCC_WARN_UNUSED_VARIABLE = YES;
				IPHONEOS_DEPLOYMENT_TARGET = 10.2;
				MTL_ENABLE_DEBUG_INFO = YES;
				ONLY_ACTIVE_ARCH = YES;
				SDKROOT = iphoneos;
				SWIFT_ACTIVE_COMPILATION_CONDITIONS = DEBUG;
				SWIFT_OPTIMIZATION_LEVEL = "-Onone";
			};
			name = Debug;
		};
		F1CB94451ED5ADC300327AA7 /* Release */ = {
			isa = XCBuildConfiguration;
			buildSettings = {
				ALWAYS_SEARCH_USER_PATHS = NO;
				CLANG_ANALYZER_NONNULL = YES;
				CLANG_CXX_LANGUAGE_STANDARD = "gnu++0x";
				CLANG_CXX_LIBRARY = "libc++";
				CLANG_ENABLE_MODULES = YES;
				CLANG_ENABLE_OBJC_ARC = YES;
				CLANG_WARN_BOOL_CONVERSION = YES;
				CLANG_WARN_CONSTANT_CONVERSION = YES;
				CLANG_WARN_DIRECT_OBJC_ISA_USAGE = YES_ERROR;
				CLANG_WARN_DOCUMENTATION_COMMENTS = YES;
				CLANG_WARN_EMPTY_BODY = YES;
				CLANG_WARN_ENUM_CONVERSION = YES;
				CLANG_WARN_INFINITE_RECURSION = YES;
				CLANG_WARN_INT_CONVERSION = YES;
				CLANG_WARN_OBJC_ROOT_CLASS = YES_ERROR;
				CLANG_WARN_SUSPICIOUS_MOVE = YES;
				CLANG_WARN_UNREACHABLE_CODE = YES;
				CLANG_WARN__DUPLICATE_METHOD_MATCH = YES;
				"CODE_SIGN_IDENTITY[sdk=iphoneos*]" = "iPhone Developer";
				COPY_PHASE_STRIP = NO;
				DEBUG_INFORMATION_FORMAT = "dwarf-with-dsym";
				ENABLE_NS_ASSERTIONS = NO;
				ENABLE_STRICT_OBJC_MSGSEND = YES;
				GCC_C_LANGUAGE_STANDARD = gnu99;
				GCC_NO_COMMON_BLOCKS = YES;
				GCC_WARN_64_TO_32_BIT_CONVERSION = YES;
				GCC_WARN_ABOUT_RETURN_TYPE = YES_ERROR;
				GCC_WARN_UNDECLARED_SELECTOR = YES;
				GCC_WARN_UNINITIALIZED_AUTOS = YES_AGGRESSIVE;
				GCC_WARN_UNUSED_FUNCTION = YES;
				GCC_WARN_UNUSED_VARIABLE = YES;
				IPHONEOS_DEPLOYMENT_TARGET = 10.2;
				MTL_ENABLE_DEBUG_INFO = NO;
				SDKROOT = iphoneos;
				SWIFT_OPTIMIZATION_LEVEL = "-Owholemodule";
				VALIDATE_PRODUCT = YES;
			};
			name = Release;
		};
		F1CB94471ED5ADC300327AA7 /* Debug */ = {
			isa = XCBuildConfiguration;
			buildSettings = {
				ASSETCATALOG_COMPILER_APPICON_NAME = AppIcon;
				DEVELOPMENT_TEAM = V2XCNE93DB;
				INFOPLIST_FILE = FlickrFind/Info.plist;
				LD_RUNPATH_SEARCH_PATHS = "$(inherited) @executable_path/Frameworks";
				PRODUCT_BUNDLE_IDENTIFIER = light.FlickrFind;
				PRODUCT_NAME = "$(TARGET_NAME)";
				SWIFT_VERSION = 3.0;
			};
			name = Debug;
		};
		F1CB94481ED5ADC300327AA7 /* Release */ = {
			isa = XCBuildConfiguration;
			buildSettings = {
				ASSETCATALOG_COMPILER_APPICON_NAME = AppIcon;
				DEVELOPMENT_TEAM = V2XCNE93DB;
				INFOPLIST_FILE = FlickrFind/Info.plist;
				LD_RUNPATH_SEARCH_PATHS = "$(inherited) @executable_path/Frameworks";
				PRODUCT_BUNDLE_IDENTIFIER = light.FlickrFind;
				PRODUCT_NAME = "$(TARGET_NAME)";
				SWIFT_VERSION = 3.0;
			};
			name = Release;
		};
/* End XCBuildConfiguration section */

/* Begin XCConfigurationList section */
		F1CB942F1ED5ADC200327AA7 /* Build configuration list for PBXProject "FlickrFind" */ = {
			isa = XCConfigurationList;
			buildConfigurations = (
				F1CB94441ED5ADC300327AA7 /* Debug */,
				F1CB94451ED5ADC300327AA7 /* Release */,
			);
			defaultConfigurationIsVisible = 0;
			defaultConfigurationName = Release;
		};
		F1CB94461ED5ADC300327AA7 /* Build configuration list for PBXNativeTarget "FlickrFind" */ = {
			isa = XCConfigurationList;
			buildConfigurations = (
				F1CB94471ED5ADC300327AA7 /* Debug */,
				F1CB94481ED5ADC300327AA7 /* Release */,
			);
			defaultConfigurationIsVisible = 0;
			defaultConfigurationName = Release;
		};
/* End XCConfigurationList section */
	};
	rootObject = F1CB942C1ED5ADC200327AA7 /* Project object */;
}
